{
  "nodes": {
    "flake-utils": {
      "inputs": {
        "systems": "systems"
      },
      "locked": {
        "lastModified": 1731533236,
        "narHash": "sha256-l0KFg5HjrsfsO/JpG+r7fRrqm12kzFHyUHqHCVpMMbI=",
        "owner": "numtide",
        "repo": "flake-utils",
        "rev": "11707dc2f618dd54ca8739b309ec4fc024de578b",
        "type": "github"
      },
      "original": {
        "owner": "numtide",
        "repo": "flake-utils",
        "type": "github"
      }
    },
    "handsfreectl-src": {
      "flake": false,
      "locked": {
        "lastModified": 1749412801,
        "narHash": "sha256-nBf6yKDFv0eFJe9LqgYOFgf0cE0p8HLlRs7LYhg5Nss=",
        "owner": "achyudh",
        "repo": "handsfreectl",
        "rev": "1de1a9615fa52c69780d67267ce1e19907321705",
        "type": "github"
      },
      "original": {
        "owner": "achyudh",
        "repo": "handsfreectl",
        "type": "github"
      }
    },
    "handsfreed-src": {
      "flake": false,
      "locked": {
        "lastModified": 1762897379,
        "narHash": "sha256-gDlezHJzzMtx1CHqm3R2QfHPanDAS0QbLwf5sl1P540=",
        "owner": "achyudh",
        "repo": "handsfreed",
        "rev": "1e3066847b2341d1a322c1be8629209ea821e10f",
        "type": "github"
      },
      "original": {
        "owner": "achyudh",
        "repo": "handsfreed",
        "type": "github"
      }
    },
    "home-manager": {
      "inputs": {
        "nixpkgs": [
          "nixpkgs"
        ]
      },
      "locked": {
        "lastModified": 1762787259,
        "narHash": "sha256-t2U/GLLXHa2+kJkwnFNRVc2fEJ/lUfyZXBE5iKzJdcs=",
        "owner": "nix-community",
        "repo": "home-manager",
        "rev": "37a3d97f2873e0f68711117c34d04b7c7ead8f4e",
        "type": "github"
      },
      "original": {
        "owner": "nix-community",
        "repo": "home-manager",
        "type": "github"
      }
    },
    "nixpkgs": {
      "locked": {
        "lastModified": 1762596750,
        "narHash": "sha256-rXXuz51Bq7DHBlfIjN7jO8Bu3du5TV+3DSADBX7/9YQ=",
        "owner": "NixOS",
        "repo": "nixpkgs",
        "rev": "b6a8526db03f735b89dd5ff348f53f752e7ddc8e",
        "type": "github"
      },
      "original": {
        "owner": "NixOS",
        "ref": "nixos-unstable",
        "repo": "nixpkgs",
        "type": "github"
      }
    },
    "root": {
      "inputs": {
        "flake-utils": "flake-utils",
        "handsfreectl-src": "handsfreectl-src",
        "handsfreed-src": "handsfreed-src",
        "home-manager": "home-manager",
        "nixpkgs": "nixpkgs"
      }
    },
    "systems": {
      "locked": {
        "lastModified": 1681028828,
        "narHash": "sha256-Vy1rq5AaRuLzOxct8nz4T6wlgyUR7zLU309k9mBC768=",
        "owner": "nix-systems",
        "repo": "default",
        "rev": "da67096a3b9bf56a91d16901293e51ba5b49a27e",
        "type": "github"
      },
      "original": {
        "owner": "nix-systems",
        "repo": "default",
        "type": "github"
      }
    }
  },
  "root": "root",
  "version": 7
}
