{
  "nodes": {
    "flake-utils": {
      "inputs": {
        "systems": "systems"
      },
      "locked": {
        "lastModified": 1731533236,
        "narHash": "sha256-l0KFg5HjrsfsO/JpG+r7fRrqm12kzFHyUHqHCVpMMbI=",
        "owner": "numtide",
        "repo": "flake-utils",
        "rev": "11707dc2f618dd54ca8739b309ec4fc024de578b",
        "type": "github"
      },
      "original": {
        "owner": "numtide",
        "repo": "flake-utils",
        "type": "github"
      }
    },
    "handsfreectl-src": {
      "flake": false,
      "locked": {
        "lastModified": 1764205075,
        "narHash": "sha256-fihb+PP6twJBIJsAVjAOjAvu+tqq+Gmr8NxdH3OVa0A=",
        "owner": "achyudh",
        "repo": "handsfreectl",
        "rev": "cca1dd11aa4047ae2c846ad9c8d95967d25d3ee3",
        "type": "github"
      },
      "original": {
        "owner": "achyudh",
        "repo": "handsfreectl",
        "type": "github"
      }
    },
    "handsfreed-src": {
      "flake": false,
      "locked": {
        "lastModified": 1764220680,
        "narHash": "sha256-DdZ3MI6NuwksHjt85SPN14v9vVLdn0y2rjn8D706R44=",
        "owner": "achyudh",
        "repo": "handsfreed",
        "rev": "d0a60661ef0f9f041d29d03ad22cfc1e9a01fbd0",
        "type": "github"
      },
      "original": {
        "owner": "achyudh",
        "repo": "handsfreed",
        "type": "github"
      }
    },
    "home-manager": {
      "inputs": {
        "nixpkgs": [
          "nixpkgs"
        ]
      },
      "locked": {
        "lastModified": 1764194569,
        "narHash": "sha256-iUM9ktarEzThkayyZrzQ7oycPshAY2XRQqVKz0xX/L0=",
        "owner": "nix-community",
        "repo": "home-manager",
        "rev": "9651819d75f6c7ffaf8a9227490ac704f29659f0",
        "type": "github"
      },
      "original": {
        "owner": "nix-community",
        "repo": "home-manager",
        "type": "github"
      }
    },
    "nixpkgs": {
      "locked": {
        "lastModified": 1763966396,
        "narHash": "sha256-6eeL1YPcY1MV3DDStIDIdy/zZCDKgHdkCmsrLJFiZf0=",
        "owner": "NixOS",
        "repo": "nixpkgs",
        "rev": "5ae3b07d8d6527c42f17c876e404993199144b6a",
        "type": "github"
      },
      "original": {
        "owner": "NixOS",
        "ref": "nixos-unstable",
        "repo": "nixpkgs",
        "type": "github"
      }
    },
    "root": {
      "inputs": {
        "flake-utils": "flake-utils",
        "handsfreectl-src": "handsfreectl-src",
        "handsfreed-src": "handsfreed-src",
        "home-manager": "home-manager",
        "nixpkgs": "nixpkgs"
      }
    },
    "systems": {
      "locked": {
        "lastModified": 1681028828,
        "narHash": "sha256-Vy1rq5AaRuLzOxct8nz4T6wlgyUR7zLU309k9mBC768=",
        "owner": "nix-systems",
        "repo": "default",
        "rev": "da67096a3b9bf56a91d16901293e51ba5b49a27e",
        "type": "github"
      },
      "original": {
        "owner": "nix-systems",
        "repo": "default",
        "type": "github"
      }
    }
  },
  "root": "root",
  "version": 7
}
