{
  "nodes": {
    "flake-utils": {
      "inputs": {
        "systems": "systems"
      },
      "locked": {
        "lastModified": 1731533236,
        "narHash": "sha256-l0KFg5HjrsfsO/JpG+r7fRrqm12kzFHyUHqHCVpMMbI=",
        "owner": "numtide",
        "repo": "flake-utils",
        "rev": "11707dc2f618dd54ca8739b309ec4fc024de578b",
        "type": "github"
      },
      "original": {
        "owner": "numtide",
        "repo": "flake-utils",
        "type": "github"
      }
    },
    "handsfreectl-src": {
      "flake": false,
      "locked": {
        "lastModified": 1745551894,
        "narHash": "sha256-vdBFtCjtlLAZw/rX7nR9sHOL45pL8f1SovZV7CmJ1is=",
        "owner": "achyudh",
        "repo": "handsfreectl",
        "rev": "8f47b21a3a181da3a9351dae42d82f40f07b8ed7",
        "type": "github"
      },
      "original": {
        "owner": "achyudh",
        "repo": "handsfreectl",
        "type": "github"
      }
    },
    "handsfreed-src": {
      "flake": false,
      "locked": {
        "lastModified": 1745556372,
        "narHash": "sha256-YPBAA5TpjpBYqI9MujHxUfD0RIqOuikuef971sMdZFY=",
        "owner": "achyudh",
        "repo": "handsfreed",
        "rev": "23857dca2864f5938873190268fceb0166db67f6",
        "type": "github"
      },
      "original": {
        "owner": "achyudh",
        "repo": "handsfreed",
        "type": "github"
      }
    },
    "home-manager": {
      "inputs": {
        "nixpkgs": [
          "nixpkgs"
        ]
      },
      "locked": {
        "lastModified": 1745771770,
        "narHash": "sha256-kC1yYNAO69i0Q9nnQFTxu5kdwcoHRE7x4jtJyIB5QSg=",
        "owner": "nix-community",
        "repo": "home-manager",
        "rev": "0fbd8207e913b2d1660a7662f9ae80e5e639de65",
        "type": "github"
      },
      "original": {
        "owner": "nix-community",
        "repo": "home-manager",
        "type": "github"
      }
    },
    "nixpkgs": {
      "locked": {
        "lastModified": 1745526057,
        "narHash": "sha256-ITSpPDwvLBZBnPRS2bUcHY3gZSwis/uTe255QgMtTLA=",
        "owner": "NixOS",
        "repo": "nixpkgs",
        "rev": "f771eb401a46846c1aebd20552521b233dd7e18b",
        "type": "github"
      },
      "original": {
        "owner": "NixOS",
        "ref": "nixos-unstable",
        "repo": "nixpkgs",
        "type": "github"
      }
    },
    "root": {
      "inputs": {
        "flake-utils": "flake-utils",
        "handsfreectl-src": "handsfreectl-src",
        "handsfreed-src": "handsfreed-src",
        "home-manager": "home-manager",
        "nixpkgs": "nixpkgs"
      }
    },
    "systems": {
      "locked": {
        "lastModified": 1681028828,
        "narHash": "sha256-Vy1rq5AaRuLzOxct8nz4T6wlgyUR7zLU309k9mBC768=",
        "owner": "nix-systems",
        "repo": "default",
        "rev": "da67096a3b9bf56a91d16901293e51ba5b49a27e",
        "type": "github"
      },
      "original": {
        "owner": "nix-systems",
        "repo": "default",
        "type": "github"
      }
    }
  },
  "root": "root",
  "version": 7
}
